
Microsoft Visual Studio Solution File, Format Version 12.00
# Visual Studio 15
VisualStudioVersion = 15.0.27130.2027
MinimumVisualStudioVersion = 10.0.40219.1
Project("{FAE04EC0-301F-11D3-BF4B-00C04F79EFBC}") = "RepeatCaller", "RepeatCaller\RepeatCaller.csproj", "{2D29BFBA-DC7D-461C-AC28-5A667AA91352}"
EndProject
Project("{FAE04EC0-301F-11D3-BF4B-00C04F79EFBC}") = "RepeatCaller.Librerias.BL", "RepeatCaller.Librerias.BL\RepeatCaller.Librerias.BL.csproj", "{36CE8D13-1259-4FA4-9BDD-0DA0DED18649}"
EndProject
Project("{FAE04EC0-301F-11D3-BF4B-00C04F79EFBC}") = "RepeatCaller.Librerias.DL", "RepeatCaller.Librerias.DL\RepeatCaller.Librerias.DL.csproj", "{DAE1183F-F9D6-4D5F-917A-738A7BA79FA2}"
EndProject
Project("{FAE04EC0-301F-11D3-BF4B-00C04F79EFBC}") = "General.Librerias.CodigoUsuario", "General.Librerias.CodigoUsuario\General.Librerias.CodigoUsuario.csproj", "{D25D4210-AA43-48D8-BC7F-53ECB70B42F3}"
EndProject
Project("{FAE04EC0-301F-11D3-BF4B-00C04F79EFBC}") = "RepeatCaller.Librerias.EL", "RepeatCaller.Librerias.EL\RepeatCaller.Librerias.EL.csproj", "{4CE6FDA9-252E-441C-822D-F971B0FFD9AB}"
EndProject
Global
	GlobalSection(SolutionConfigurationPlatforms) = preSolution
		Debug|Any CPU = Debug|Any CPU
		Release|Any CPU = Release|Any CPU
	EndGlobalSection
	GlobalSection(ProjectConfigurationPlatforms) = postSolution
		{2D29BFBA-DC7D-461C-AC28-5A667AA91352}.Debug|Any CPU.ActiveCfg = Debug|Any CPU
		{2D29BFBA-DC7D-461C-AC28-5A667AA91352}.Debug|Any CPU.Build.0 = Debug|Any CPU
		{2D29BFBA-DC7D-461C-AC28-5A667AA91352}.Release|Any CPU.ActiveCfg = Release|Any CPU
		{2D29BFBA-DC7D-461C-AC28-5A667AA91352}.Release|Any CPU.Build.0 = Release|Any CPU
		{36CE8D13-1259-4FA4-9BDD-0DA0DED18649}.Debug|Any CPU.ActiveCfg = Debug|Any CPU
		{36CE8D13-1259-4FA4-9BDD-0DA0DED18649}.Debug|Any CPU.Build.0 = Debug|Any CPU
		{36CE8D13-1259-4FA4-9BDD-0DA0DED18649}.Release|Any CPU.ActiveCfg = Release|Any CPU
		{36CE8D13-1259-4FA4-9BDD-0DA0DED18649}.Release|Any CPU.Build.0 = Release|Any CPU
		{DAE1183F-F9D6-4D5F-917A-738A7BA79FA2}.Debug|Any CPU.ActiveCfg = Debug|Any CPU
		{DAE1183F-F9D6-4D5F-917A-738A7BA79FA2}.Debug|Any CPU.Build.0 = Debug|Any CPU
		{DAE1183F-F9D6-4D5F-917A-738A7BA79FA2}.Release|Any CPU.ActiveCfg = Release|Any CPU
		{DAE1183F-F9D6-4D5F-917A-738A7BA79FA2}.Release|Any CPU.Build.0 = Release|Any CPU
		{D25D4210-AA43-48D8-BC7F-53ECB70B42F3}.Debug|Any CPU.ActiveCfg = Debug|Any CPU
		{D25D4210-AA43-48D8-BC7F-53ECB70B42F3}.Debug|Any CPU.Build.0 = Debug|Any CPU
		{D25D4210-AA43-48D8-BC7F-53ECB70B42F3}.Release|Any CPU.ActiveCfg = Release|Any CPU
		{D25D4210-AA43-48D8-BC7F-53ECB70B42F3}.Release|Any CPU.Build.0 = Release|Any CPU
		{4CE6FDA9-252E-441C-822D-F971B0FFD9AB}.Debug|Any CPU.ActiveCfg = Debug|Any CPU
		{4CE6FDA9-252E-441C-822D-F971B0FFD9AB}.Debug|Any CPU.Build.0 = Debug|Any CPU
		{4CE6FDA9-252E-441C-822D-F971B0FFD9AB}.Release|Any CPU.ActiveCfg = Release|Any CPU
		{4CE6FDA9-252E-441C-822D-F971B0FFD9AB}.Release|Any CPU.Build.0 = Release|Any CPU
	EndGlobalSection
	GlobalSection(SolutionProperties) = preSolution
		HideSolutionNode = FALSE
	EndGlobalSection
	GlobalSection(ExtensibilityGlobals) = postSolution
		SolutionGuid = {D3E8CED3-6C1A-483A-AF77-BA7CECF5022C}
	EndGlobalSection
EndGlobal
